# This is a Gradle generated file for dependency locking.
# Manual edits can break the build and are not advised.
# This file is expected to be part of source control.
androidx.activity:activity-compose:1.10.1=productionDebugRuntimeClasspath
androidx.activity:activity-ktx:1.10.1=productionDebugRuntimeClasspath
androidx.activity:activity:1.10.1=productionDebugCompileClasspath,productionDebugRuntimeClasspath
androidx.annotation:annotation-experimental:1.4.1=productionDebugCompileClasspath,productionDebugRuntimeClasspath
androidx.annotation:annotation-jvm:1.9.1=productionDebugCompileClasspath,productionDebugRuntimeClasspath
androidx.annotation:annotation:1.9.1=productionDebugCompileClasspath,productionDebugRuntimeClasspath
androidx.appcompat:appcompat-resources:1.7.0=productionDebugCompileClasspath,productionDebugRuntimeClasspath
androidx.appcompat:appcompat:1.7.0=productionDebugCompileClasspath,productionDebugRuntimeClasspath
androidx.arch.core:core-common:2.2.0=productionDebugCompileClasspath,productionDebugRuntimeClasspath
androidx.arch.core:core-runtime:2.2.0=productionDebugCompileClasspath,productionDebugRuntimeClasspath
androidx.asynclayoutinflater:asynclayoutinflater:1.0.0=productionDebugCompileClasspath,productionDebugRuntimeClasspath
androidx.autofill:autofill:1.1.0=productionDebugCompileClasspath,productionDebugRuntimeClasspath
androidx.biometric:biometric:1.1.0=productionDebugCompileClasspath,productionDebugRuntimeClasspath
androidx.browser:browser:1.7.0=productionDebugCompileClasspath,productionDebugRuntimeClasspath
androidx.cardview:cardview:1.0.0=productionDebugRuntimeClasspath
androidx.collection:collection-jvm:1.5.0=productionDebugCompileClasspath,productionDebugRuntimeClasspath
androidx.collection:collection-ktx:1.5.0=productionDebugRuntimeClasspath
androidx.collection:collection:1.5.0=productionDebugCompileClasspath,productionDebugRuntimeClasspath
androidx.compose.animation:animation-android:1.9.0=productionDebugRuntimeClasspath
androidx.compose.animation:animation-core-android:1.9.0=productionDebugRuntimeClasspath
androidx.compose.animation:animation-core:1.9.0=productionDebugRuntimeClasspath
androidx.compose.animation:animation:1.9.0=productionDebugRuntimeClasspath
androidx.compose.foundation:foundation-android:1.9.0=productionDebugRuntimeClasspath
androidx.compose.foundation:foundation-layout-android:1.9.0=productionDebugRuntimeClasspath
androidx.compose.foundation:foundation-layout:1.9.0=productionDebugRuntimeClasspath
androidx.compose.foundation:foundation:1.9.0=productionDebugRuntimeClasspath
androidx.compose.material:material-icons-core:1.0.0=productionDebugRuntimeClasspath
androidx.compose.material:material-ripple:1.0.0=productionDebugRuntimeClasspath
androidx.compose.material:material:1.0.0=productionDebugRuntimeClasspath
androidx.compose.runtime:runtime-android:1.9.0=productionDebugRuntimeClasspath
androidx.compose.runtime:runtime-annotation-android:1.9.0=productionDebugRuntimeClasspath
androidx.compose.runtime:runtime-annotation:1.9.0=productionDebugRuntimeClasspath
androidx.compose.runtime:runtime-saveable-android:1.9.0=productionDebugRuntimeClasspath
androidx.compose.runtime:runtime-saveable:1.9.0=productionDebugRuntimeClasspath
androidx.compose.runtime:runtime:1.9.0=productionDebugRuntimeClasspath
androidx.compose.ui:ui-android:1.9.0=productionDebugRuntimeClasspath
androidx.compose.ui:ui-geometry-android:1.9.0=productionDebugRuntimeClasspath
androidx.compose.ui:ui-geometry:1.9.0=productionDebugRuntimeClasspath
androidx.compose.ui:ui-graphics-android:1.9.0=productionDebugRuntimeClasspath
androidx.compose.ui:ui-graphics:1.9.0=productionDebugRuntimeClasspath
androidx.compose.ui:ui-text-android:1.9.0=productionDebugRuntimeClasspath
androidx.compose.ui:ui-text:1.9.0=productionDebugRuntimeClasspath
androidx.compose.ui:ui-tooling-android:1.9.0=productionDebugRuntimeClasspath
androidx.compose.ui:ui-tooling-data-android:1.9.0=productionDebugRuntimeClasspath
androidx.compose.ui:ui-tooling-data:1.9.0=productionDebugRuntimeClasspath
androidx.compose.ui:ui-tooling-preview-android:1.9.0=productionDebugRuntimeClasspath
androidx.compose.ui:ui-tooling-preview:1.9.0=productionDebugRuntimeClasspath
androidx.compose.ui:ui-tooling:1.9.0=productionDebugRuntimeClasspath
androidx.compose.ui:ui-unit-android:1.9.0=productionDebugRuntimeClasspath
androidx.compose.ui:ui-unit:1.9.0=productionDebugRuntimeClasspath
androidx.compose.ui:ui-util-android:1.9.0=productionDebugRuntimeClasspath
androidx.compose.ui:ui-util:1.9.0=productionDebugRuntimeClasspath
androidx.compose.ui:ui:1.9.0=productionDebugRuntimeClasspath
androidx.concurrent:concurrent-futures:1.1.0=productionDebugRuntimeClasspath
androidx.constraintlayout:constraintlayout-solver:2.0.1=productionDebugRuntimeClasspath
androidx.constraintlayout:constraintlayout:2.0.1=productionDebugRuntimeClasspath
androidx.coordinatorlayout:coordinatorlayout:1.2.0=productionDebugCompileClasspath,productionDebugRuntimeClasspath
androidx.core:core-ktx:1.16.0=productionDebugCompileClasspath,productionDebugRuntimeClasspath
androidx.core:core-splashscreen:1.2.0-alpha02=productionDebugRuntimeClasspath
androidx.core:core-viewtree:1.0.0=productionDebugCompileClasspath,productionDebugRuntimeClasspath
androidx.core:core:1.16.0=productionDebugCompileClasspath,productionDebugRuntimeClasspath
androidx.cursoradapter:cursoradapter:1.0.0=productionDebugCompileClasspath,productionDebugRuntimeClasspath
androidx.customview:customview-poolingcontainer:1.0.0=productionDebugRuntimeClasspath
androidx.customview:customview:1.1.0=productionDebugCompileClasspath,productionDebugRuntimeClasspath
androidx.databinding:viewbinding:8.11.0=productionDebugCompileClasspath,productionDebugRuntimeClasspath
androidx.datastore:datastore-android:1.1.3=productionDebugRuntimeClasspath
androidx.datastore:datastore-core-android:1.1.3=productionDebugRuntimeClasspath
androidx.datastore:datastore-core-okio-jvm:1.1.3=productionDebugRuntimeClasspath
androidx.datastore:datastore-core-okio:1.1.3=productionDebugRuntimeClasspath
androidx.datastore:datastore-core:1.1.3=productionDebugRuntimeClasspath
androidx.datastore:datastore-preferences-android:1.1.3=productionDebugRuntimeClasspath
androidx.datastore:datastore-preferences-core-jvm:1.1.3=productionDebugRuntimeClasspath
androidx.datastore:datastore-preferences-core:1.1.3=productionDebugRuntimeClasspath
androidx.datastore:datastore-preferences-external-protobuf:1.1.3=productionDebugRuntimeClasspath
androidx.datastore:datastore-preferences-proto:1.1.3=productionDebugRuntimeClasspath
androidx.datastore:datastore-preferences:1.1.3=productionDebugRuntimeClasspath
androidx.datastore:datastore:1.1.3=productionDebugRuntimeClasspath
androidx.documentfile:documentfile:1.1.0=productionDebugCompileClasspath,productionDebugRuntimeClasspath
androidx.drawerlayout:drawerlayout:1.1.1=productionDebugCompileClasspath,productionDebugRuntimeClasspath
androidx.dynamicanimation:dynamicanimation:1.0.0=productionDebugRuntimeClasspath
androidx.emoji2:emoji2-views-helper:1.4.0=productionDebugRuntimeClasspath
androidx.emoji2:emoji2:1.4.0=productionDebugRuntimeClasspath
androidx.exifinterface:exifinterface:1.3.7=productionDebugCompileClasspath,productionDebugRuntimeClasspath
androidx.fragment:fragment-ktx:1.6.1=productionDebugRuntimeClasspath
androidx.fragment:fragment:1.6.1=productionDebugCompileClasspath,productionDebugRuntimeClasspath
androidx.graphics:graphics-path:1.0.1=productionDebugRuntimeClasspath
androidx.interpolator:interpolator:1.0.0=productionDebugCompileClasspath,productionDebugRuntimeClasspath
androidx.legacy:legacy-support-core-ui:1.0.0=productionDebugCompileClasspath,productionDebugRuntimeClasspath
androidx.legacy:legacy-support-core-utils:1.0.0=productionDebugCompileClasspath,productionDebugRuntimeClasspath
androidx.legacy:legacy-support-v4:1.0.0=productionDebugCompileClasspath,productionDebugRuntimeClasspath
androidx.lifecycle:lifecycle-common-java8:2.9.0=productionDebugRuntimeClasspath
androidx.lifecycle:lifecycle-common-jvm:2.9.0=productionDebugCompileClasspath,productionDebugRuntimeClasspath
androidx.lifecycle:lifecycle-common:2.9.0=productionDebugCompileClasspath,productionDebugRuntimeClasspath
androidx.lifecycle:lifecycle-extensions:2.2.0=productionDebugCompileClasspath,productionDebugRuntimeClasspath
androidx.lifecycle:lifecycle-livedata-core-ktx:2.9.0=productionDebugCompileClasspath,productionDebugRuntimeClasspath
androidx.lifecycle:lifecycle-livedata-core:2.9.0=productionDebugCompileClasspath,productionDebugRuntimeClasspath
androidx.lifecycle:lifecycle-livedata:2.9.0=productionDebugCompileClasspath,productionDebugRuntimeClasspath
androidx.lifecycle:lifecycle-process:2.9.0=productionDebugCompileClasspath,productionDebugRuntimeClasspath
androidx.lifecycle:lifecycle-runtime-android:2.9.0=productionDebugCompileClasspath,productionDebugRuntimeClasspath
androidx.lifecycle:lifecycle-runtime-compose-android:2.9.0=productionDebugRuntimeClasspath
androidx.lifecycle:lifecycle-runtime-compose:2.9.0=productionDebugRuntimeClasspath
androidx.lifecycle:lifecycle-runtime-ktx-android:2.9.0=productionDebugRuntimeClasspath
androidx.lifecycle:lifecycle-runtime-ktx:2.9.0=productionDebugRuntimeClasspath
androidx.lifecycle:lifecycle-runtime:2.9.0=productionDebugCompileClasspath,productionDebugRuntimeClasspath
androidx.lifecycle:lifecycle-service:2.9.0=productionDebugCompileClasspath,productionDebugRuntimeClasspath
androidx.lifecycle:lifecycle-viewmodel-android:2.9.0=productionDebugCompileClasspath,productionDebugRuntimeClasspath
androidx.lifecycle:lifecycle-viewmodel-compose-android:2.9.0=productionDebugRuntimeClasspath
androidx.lifecycle:lifecycle-viewmodel-compose:2.9.0=productionDebugRuntimeClasspath
androidx.lifecycle:lifecycle-viewmodel-ktx:2.9.0=productionDebugRuntimeClasspath
androidx.lifecycle:lifecycle-viewmodel-savedstate-android:2.9.0=productionDebugCompileClasspath,productionDebugRuntimeClasspath
androidx.lifecycle:lifecycle-viewmodel-savedstate:2.9.0=productionDebugCompileClasspath,productionDebugRuntimeClasspath
androidx.lifecycle:lifecycle-viewmodel:2.9.0=productionDebugCompileClasspath,productionDebugRuntimeClasspath
androidx.loader:loader:1.1.0=productionDebugCompileClasspath,productionDebugRuntimeClasspath
androidx.localbroadcastmanager:localbroadcastmanager:1.0.0=productionDebugCompileClasspath,productionDebugRuntimeClasspath
androidx.media:media:1.4.3=productionDebugCompileClasspath,productionDebugRuntimeClasspath
androidx.navigation:navigation-common-android:2.9.0=productionDebugRuntimeClasspath
androidx.navigation:navigation-common:2.9.0=productionDebugRuntimeClasspath
androidx.navigation:navigation-compose-android:2.9.0=productionDebugRuntimeClasspath
androidx.navigation:navigation-compose:2.9.0=productionDebugRuntimeClasspath
androidx.navigation:navigation-runtime-android:2.9.0=productionDebugRuntimeClasspath
androidx.navigation:navigation-runtime:2.9.0=productionDebugRuntimeClasspath
androidx.print:print:1.0.0=productionDebugCompileClasspath,productionDebugRuntimeClasspath
androidx.profileinstaller:profileinstaller:1.4.1=productionDebugRuntimeClasspath
androidx.recyclerview:recyclerview:1.2.1=productionDebugRuntimeClasspath
androidx.resourceinspection:resourceinspection-annotation:1.0.1=productionDebugRuntimeClasspath
androidx.room:room-common:2.5.0=productionDebugRuntimeClasspath
androidx.room:room-ktx:2.5.0=productionDebugRuntimeClasspath
androidx.room:room-runtime:2.5.0=productionDebugRuntimeClasspath
androidx.savedstate:savedstate-android:1.3.0=productionDebugCompileClasspath,productionDebugRuntimeClasspath
androidx.savedstate:savedstate-compose-android:1.3.0=productionDebugRuntimeClasspath
androidx.savedstate:savedstate-compose:1.3.0=productionDebugRuntimeClasspath
androidx.savedstate:savedstate-ktx:1.3.0=productionDebugRuntimeClasspath
androidx.savedstate:savedstate:1.3.0=productionDebugCompileClasspath,productionDebugRuntimeClasspath
androidx.security:security-crypto-ktx:1.1.0-alpha06=productionDebugCompileClasspath,productionDebugRuntimeClasspath
androidx.security:security-crypto:1.1.0-alpha06=productionDebugCompileClasspath,productionDebugRuntimeClasspath
androidx.slidingpanelayout:slidingpanelayout:1.0.0=productionDebugCompileClasspath,productionDebugRuntimeClasspath
androidx.sqlite:sqlite-framework:2.3.0=productionDebugRuntimeClasspath
androidx.sqlite:sqlite:2.3.0=productionDebugRuntimeClasspath
androidx.startup:startup-runtime:1.1.1=productionDebugCompileClasspath,productionDebugRuntimeClasspath
androidx.swiperefreshlayout:swiperefreshlayout:1.1.0=productionDebugCompileClasspath,productionDebugRuntimeClasspath
androidx.tracing:tracing-ktx:1.2.0=productionDebugRuntimeClasspath
androidx.tracing:tracing:1.2.0=productionDebugCompileClasspath,productionDebugRuntimeClasspath
androidx.transition:transition:1.5.0=productionDebugRuntimeClasspath
androidx.vectordrawable:vectordrawable-animated:1.1.0=productionDebugCompileClasspath,productionDebugRuntimeClasspath
androidx.vectordrawable:vectordrawable:1.1.0=productionDebugCompileClasspath,productionDebugRuntimeClasspath
androidx.versionedparcelable:versionedparcelable:1.1.1=productionDebugCompileClasspath,productionDebugRuntimeClasspath
androidx.viewpager2:viewpager2:1.0.0=productionDebugRuntimeClasspath
androidx.viewpager:viewpager:1.0.0=productionDebugCompileClasspath,productionDebugRuntimeClasspath
androidx.webkit:webkit:1.14.0=productionDebugRuntimeClasspath
androidx.work:work-runtime-ktx:2.9.1=productionDebugRuntimeClasspath
androidx.work:work-runtime:2.9.1=productionDebugRuntimeClasspath
co.touchlab:stately-concurrency-jvm:2.0.6=productionDebugCompileClasspath,productionDebugRuntimeClasspath
co.touchlab:stately-concurrency:2.0.6=productionDebugCompileClasspath,productionDebugRuntimeClasspath
co.touchlab:stately-concurrent-collections-jvm:2.0.6=productionDebugCompileClasspath,productionDebugRuntimeClasspath
co.touchlab:stately-concurrent-collections:2.0.6=productionDebugCompileClasspath,productionDebugRuntimeClasspath
co.touchlab:stately-strict-jvm:2.0.6=productionDebugRuntimeClasspath
co.touchlab:stately-strict:2.0.6=productionDebugRuntimeClasspath
com.android.installreferrer:installreferrer:2.2=productionDebugRuntimeClasspath
com.android.volley:volley:1.2.1=productionDebugCompileClasspath,productionDebugRuntimeClasspath
com.apollographql.apollo:apollo-annotations-jvm:4.3.1=productionDebugRuntimeClasspath
com.apollographql.apollo:apollo-annotations:4.3.1=productionDebugRuntimeClasspath
com.apollographql.apollo:apollo-api-jvm:4.3.1=productionDebugRuntimeClasspath
com.apollographql.apollo:apollo-api:4.3.1=productionDebugRuntimeClasspath
com.apollographql.apollo:apollo-mpp-utils-jvm:4.3.1=productionDebugRuntimeClasspath
com.apollographql.apollo:apollo-mpp-utils:4.3.1=productionDebugRuntimeClasspath
com.apollographql.apollo:apollo-runtime-android-debug:4.3.1=productionDebugRuntimeClasspath
com.apollographql.apollo:apollo-runtime:4.3.1=productionDebugRuntimeClasspath
com.benasher44:uuid-jvm:0.8.2=productionDebugRuntimeClasspath
com.benasher44:uuid:0.8.2=productionDebugRuntimeClasspath
com.caverock:androidsvg-aar:1.4=productionDebugCompileClasspath,productionDebugRuntimeClasspath
com.composables:core-android-debug:1.37.0=productionDebugRuntimeClasspath
com.composables:core:1.37.0=productionDebugRuntimeClasspath
com.facebook.device.yearclass:yearclass:2.1.0=productionDebugCompileClasspath,productionDebugRuntimeClasspath
com.facebook.fbjni:fbjni:0.7.0=productionDebugCompileClasspath,productionDebugRuntimeClasspath
com.facebook.fresco:animated-base:3.6.0=productionDebugRuntimeClasspath
com.facebook.fresco:animated-drawable:3.6.0=productionDebugRuntimeClasspath
com.facebook.fresco:animated-gif:3.6.0=productionDebugCompileClasspath,productionDebugRuntimeClasspath
com.facebook.fresco:drawee:3.6.0=productionDebugCompileClasspath,productionDebugRuntimeClasspath
com.facebook.fresco:fbcore:3.6.0=productionDebugCompileClasspath,productionDebugRuntimeClasspath
com.facebook.fresco:fresco:3.6.0=productionDebugCompileClasspath,productionDebugRuntimeClasspath
com.facebook.fresco:imagepipeline-base:3.6.0=productionDebugCompileClasspath,productionDebugRuntimeClasspath
com.facebook.fresco:imagepipeline-native:3.6.0=productionDebugCompileClasspath,productionDebugRuntimeClasspath
com.facebook.fresco:imagepipeline-okhttp3:3.6.0=productionDebugCompileClasspath,productionDebugRuntimeClasspath
com.facebook.fresco:imagepipeline:3.6.0=productionDebugCompileClasspath,productionDebugRuntimeClasspath
com.facebook.fresco:memory-type-ashmem:3.6.0=productionDebugCompileClasspath,productionDebugRuntimeClasspath
com.facebook.fresco:memory-type-java:3.6.0=productionDebugCompileClasspath,productionDebugRuntimeClasspath
com.facebook.fresco:memory-type-native:3.6.0=productionDebugCompileClasspath,productionDebugRuntimeClasspath
com.facebook.fresco:middleware:3.6.0=productionDebugCompileClasspath,productionDebugRuntimeClasspath
com.facebook.fresco:nativeimagefilters:3.6.0=productionDebugCompileClasspath,productionDebugRuntimeClasspath
com.facebook.fresco:nativeimagetranscoder:3.6.0=productionDebugCompileClasspath,productionDebugRuntimeClasspath
com.facebook.fresco:soloader:3.6.0=productionDebugRuntimeClasspath
com.facebook.fresco:ui-common:3.6.0=productionDebugCompileClasspath,productionDebugRuntimeClasspath
com.facebook.fresco:ui-core:3.6.0=productionDebugCompileClasspath,productionDebugRuntimeClasspath
com.facebook.fresco:urimod:3.6.0=productionDebugRuntimeClasspath
com.facebook.fresco:vito-options:3.6.0=productionDebugRuntimeClasspath
com.facebook.fresco:vito-renderer:3.6.0=productionDebugRuntimeClasspath
com.facebook.fresco:vito-source:3.6.0=productionDebugRuntimeClasspath
com.facebook.fresco:webpsupport:3.6.0=productionDebugCompileClasspath,productionDebugRuntimeClasspath
com.facebook.infer.annotation:infer-annotation:0.18.0=productionDebugCompileClasspath,productionDebugRuntimeClasspath
com.facebook.react:hermes-android:0.81.5=productionDebugCompileClasspath,productionDebugRuntimeClasspath
com.facebook.react:react-android:0.81.5=productionDebugCompileClasspath,productionDebugRuntimeClasspath
com.facebook.soloader:annotation:0.12.1=productionDebugCompileClasspath,productionDebugRuntimeClasspath
com.facebook.soloader:nativeloader:0.12.1=productionDebugCompileClasspath,productionDebugRuntimeClasspath
com.facebook.soloader:soloader:0.12.1=productionDebugCompileClasspath,productionDebugRuntimeClasspath
com.facebook.yoga:proguard-annotations:1.19.0=productionDebugCompileClasspath,productionDebugRuntimeClasspath
com.github.Dimezis:BlurView:version-2.0.6=productionDebugRuntimeClasspath
com.github.bumptech.glide:annotations:4.16.0=productionDebugCompileClasspath,productionDebugRuntimeClasspath
com.github.bumptech.glide:avif-integration:4.16.0=productionDebugRuntimeClasspath
com.github.bumptech.glide:disklrucache:4.16.0=productionDebugCompileClasspath,productionDebugRuntimeClasspath
com.github.bumptech.glide:gifdecoder:4.16.0=productionDebugCompileClasspath,productionDebugRuntimeClasspath
com.github.bumptech.glide:glide:4.16.0=productionDebugCompileClasspath,productionDebugRuntimeClasspath
com.github.bumptech.glide:okhttp3-integration:4.11.0=productionDebugCompileClasspath,productionDebugRuntimeClasspath
com.github.penfeizhou.android.animation:apng:3.0.5=productionDebugRuntimeClasspath
com.github.penfeizhou.android.animation:avif:3.0.5=productionDebugRuntimeClasspath
com.github.penfeizhou.android.animation:awebp:3.0.5=productionDebugRuntimeClasspath
com.github.penfeizhou.android.animation:frameanimation:3.0.5=productionDebugRuntimeClasspath
com.github.penfeizhou.android.animation:gif:3.0.5=productionDebugRuntimeClasspath
com.github.penfeizhou.android.animation:glide-plugin:3.0.5=productionDebugRuntimeClasspath
com.google.android.datatransport:transport-api:3.2.0=productionDebugRuntimeClasspath
com.google.android.datatransport:transport-backend-cct:3.3.0=productionDebugRuntimeClasspath
com.google.android.datatransport:transport-runtime:3.3.0=productionDebugRuntimeClasspath
com.google.android.exoplayer:exoplayer-common:2.18.1=productionDebugCompileClasspath,productionDebugRuntimeClasspath
com.google.android.exoplayer:exoplayer-core:2.18.1=productionDebugCompileClasspath,productionDebugRuntimeClasspath
com.google.android.exoplayer:exoplayer-dash:2.18.1=productionDebugCompileClasspath,productionDebugRuntimeClasspath
com.google.android.exoplayer:exoplayer-database:2.18.1=productionDebugCompileClasspath,productionDebugRuntimeClasspath
com.google.android.exoplayer:exoplayer-datasource:2.18.1=productionDebugCompileClasspath,productionDebugRuntimeClasspath
com.google.android.exoplayer:exoplayer-decoder:2.18.1=productionDebugCompileClasspath,productionDebugRuntimeClasspath
com.google.android.exoplayer:exoplayer-extractor:2.18.1=productionDebugCompileClasspath,productionDebugRuntimeClasspath
com.google.android.exoplayer:exoplayer-hls:2.18.1=productionDebugCompileClasspath,productionDebugRuntimeClasspath
com.google.android.exoplayer:exoplayer-rtsp:2.18.1=productionDebugCompileClasspath,productionDebugRuntimeClasspath
com.google.android.exoplayer:exoplayer-smoothstreaming:2.18.1=productionDebugCompileClasspath,productionDebugRuntimeClasspath
com.google.android.exoplayer:exoplayer-ui:2.18.1=productionDebugCompileClasspath,productionDebugRuntimeClasspath
com.google.android.exoplayer:exoplayer:2.18.1=productionDebugCompileClasspath,productionDebugRuntimeClasspath
com.google.android.exoplayer:extension-okhttp:2.18.1=productionDebugCompileClasspath,productionDebugRuntimeClasspath
com.google.android.gms:play-services-ads-identifier:18.0.1=productionDebugCompileClasspath,productionDebugRuntimeClasspath
com.google.android.gms:play-services-auth-api-phone:18.0.2=productionDebugRuntimeClasspath
com.google.android.gms:play-services-auth-base:18.0.10=productionDebugRuntimeClasspath
com.google.android.gms:play-services-auth:21.3.0=productionDebugRuntimeClasspath
com.google.android.gms:play-services-base:18.5.0=productionDebugRuntimeClasspath
com.google.android.gms:play-services-basement:18.4.0=productionDebugCompileClasspath,productionDebugRuntimeClasspath
com.google.android.gms:play-services-cloud-messaging:17.2.0=productionDebugRuntimeClasspath
com.google.android.gms:play-services-code-scanner:16.1.0=productionDebugRuntimeClasspath
com.google.android.gms:play-services-fido:20.0.1=productionDebugRuntimeClasspath
com.google.android.gms:play-services-iid:17.0.0=productionDebugRuntimeClasspath
com.google.android.gms:play-services-mlkit-barcode-scanning:18.3.1=productionDebugRuntimeClasspath
com.google.android.gms:play-services-stats:17.0.2=productionDebugRuntimeClasspath
com.google.android.gms:play-services-tasks:18.2.0=productionDebugCompileClasspath,productionDebugRuntimeClasspath
com.google.android.material:material:1.12.0=productionDebugRuntimeClasspath
com.google.android.odml:image:1.0.0-beta1=productionDebugRuntimeClasspath
com.google.android.play:integrity:1.2.0=productionDebugRuntimeClasspath
com.google.android.recaptcha:recaptcha:18.4.0=productionDebugRuntimeClasspath
com.google.code.findbugs:jsr305:3.0.2=productionDebugCompileClasspath,productionDebugRuntimeClasspath
com.google.code.gson:gson:2.10.1=productionDebugRuntimeClasspath
com.google.crypto.tink:tink-android:1.8.0=productionDebugRuntimeClasspath
com.google.dagger:dagger:2.43.2=productionDebugRuntimeClasspath
com.google.errorprone:error_prone_annotations:2.26.0=productionDebugRuntimeClasspath
com.google.firebase:firebase-abt:21.1.1=productionDebugRuntimeClasspath
com.google.firebase:firebase-annotations:16.2.0=productionDebugCompileClasspath,productionDebugRuntimeClasspath
com.google.firebase:firebase-bom:33.16.0=productionDebugRuntimeClasspath
com.google.firebase:firebase-common-ktx:21.0.0=productionDebugCompileClasspath,productionDebugRuntimeClasspath
com.google.firebase:firebase-common:21.0.0=productionDebugCompileClasspath,productionDebugRuntimeClasspath
com.google.firebase:firebase-components:18.0.0=productionDebugCompileClasspath,productionDebugRuntimeClasspath
com.google.firebase:firebase-config-interop:16.0.1=productionDebugRuntimeClasspath
com.google.firebase:firebase-config:22.1.2=productionDebugRuntimeClasspath
com.google.firebase:firebase-crashlytics-ndk:19.4.4=productionDebugRuntimeClasspath
com.google.firebase:firebase-crashlytics:19.4.4=productionDebugRuntimeClasspath
com.google.firebase:firebase-datatransport:19.0.0=productionDebugCompileClasspath,productionDebugRuntimeClasspath
com.google.firebase:firebase-encoders-json:18.0.1=productionDebugCompileClasspath,productionDebugRuntimeClasspath
com.google.firebase:firebase-encoders-proto:16.0.0=productionDebugCompileClasspath,productionDebugRuntimeClasspath
com.google.firebase:firebase-encoders:17.0.0=productionDebugCompileClasspath,productionDebugRuntimeClasspath
com.google.firebase:firebase-iid-interop:17.1.0=productionDebugCompileClasspath,productionDebugRuntimeClasspath
com.google.firebase:firebase-installations-interop:17.2.0=productionDebugCompileClasspath,productionDebugRuntimeClasspath
com.google.firebase:firebase-installations:18.0.0=productionDebugCompileClasspath,productionDebugRuntimeClasspath
com.google.firebase:firebase-measurement-connector:20.0.1=productionDebugCompileClasspath,productionDebugRuntimeClasspath
com.google.firebase:firebase-messaging:24.1.2=productionDebugCompileClasspath,productionDebugRuntimeClasspath
com.google.firebase:firebase-perf:21.0.5=productionDebugRuntimeClasspath
com.google.firebase:firebase-sessions:2.1.2=productionDebugRuntimeClasspath
com.google.firebase:protolite-well-known-types:18.0.1=productionDebugRuntimeClasspath
com.google.guava:failureaccess:1.0.1=productionDebugCompileClasspath,productionDebugRuntimeClasspath
com.google.guava:guava:31.0.1-android=productionDebugCompileClasspath,productionDebugRuntimeClasspath
com.google.guava:listenablefuture:9999.0-empty-to-avoid-conflict-with-guava=productionDebugCompileClasspath,productionDebugRuntimeClasspath
com.google.j2objc:j2objc-annotations:1.3=productionDebugRuntimeClasspath
com.google.mlkit:barcode-scanning-common:17.0.0=productionDebugRuntimeClasspath
com.google.mlkit:barcode-scanning:17.3.0=productionDebugRuntimeClasspath
com.google.mlkit:common:18.11.0=productionDebugRuntimeClasspath
com.google.mlkit:vision-common:17.3.0=productionDebugRuntimeClasspath
com.google.mlkit:vision-interfaces:16.3.0=productionDebugRuntimeClasspath
com.google.protobuf:protobuf-javalite:3.25.5=productionDebugRuntimeClasspath
com.parse.bolts:bolts-tasks:1.4.0=productionDebugRuntimeClasspath
com.posthog:posthog-android:3.8.2=productionDebugCompileClasspath,productionDebugRuntimeClasspath
com.posthog:posthog:3.8.2=productionDebugCompileClasspath,productionDebugRuntimeClasspath
com.squareup.curtains:curtains:1.2.5=productionDebugRuntimeClasspath
com.squareup.okhttp3:okhttp-bom:4.11.0=productionDebugRuntimeClasspath
com.squareup.okhttp3:okhttp-urlconnection:4.11.0=productionDebugCompileClasspath,productionDebugRuntimeClasspath
com.squareup.okhttp3:okhttp:4.12.0=productionDebugCompileClasspath,productionDebugRuntimeClasspath
com.squareup.okio:okio-jvm:3.9.1=productionDebugCompileClasspath,productionDebugRuntimeClasspath
com.squareup.okio:okio:3.9.1=productionDebugCompileClasspath,productionDebugRuntimeClasspath
com.vanniktech:android-image-cropper:4.6.0=productionDebugRuntimeClasspath
commons-codec:commons-codec:1.10=productionDebugCompileClasspath,productionDebugRuntimeClasspath
commons-io:commons-io:2.6=productionDebugCompileClasspath,productionDebugRuntimeClasspath
io.branch.sdk.android:library:5.9.0=productionDebugCompileClasspath,productionDebugRuntimeClasspath
io.coil-kt.coil3:coil-android:3.0.4=productionDebugRuntimeClasspath
io.coil-kt.coil3:coil-core-android:3.0.4=productionDebugRuntimeClasspath
io.coil-kt.coil3:coil-core:3.0.4=productionDebugRuntimeClasspath
io.coil-kt.coil3:coil-network-core-android:3.0.4=productionDebugRuntimeClasspath
io.coil-kt.coil3:coil-network-core:3.0.4=productionDebugRuntimeClasspath
io.coil-kt.coil3:coil-network-okhttp-jvm:3.0.4=productionDebugRuntimeClasspath
io.coil-kt.coil3:coil-network-okhttp:3.0.4=productionDebugRuntimeClasspath
io.coil-kt.coil3:coil-svg-android:3.0.4=productionDebugRuntimeClasspath
io.coil-kt.coil3:coil-svg:3.0.4=productionDebugRuntimeClasspath
io.coil-kt.coil3:coil:3.0.4=productionDebugRuntimeClasspath
io.github.lukmccall:radix-ui-colors-android:1.0.1=productionDebugCompileClasspath,productionDebugRuntimeClasspath
io.github.lukmccall:radix-ui-colors:1.0.1=productionDebugCompileClasspath,productionDebugRuntimeClasspath
io.insert-koin:koin-bom:3.5.6=productionDebugCompileClasspath,productionDebugRuntimeClasspath
io.insert-koin:koin-core-jvm:3.5.6=productionDebugCompileClasspath,productionDebugRuntimeClasspath
io.insert-koin:koin-core:3.5.6=productionDebugCompileClasspath,productionDebugRuntimeClasspath
io.sentry:sentry-android-core:8.21.1=productionDebugCompileClasspath,productionDebugRuntimeClasspath
io.sentry:sentry-android-ndk:8.21.1=productionDebugCompileClasspath,productionDebugRuntimeClasspath
io.sentry:sentry-android-replay:8.21.1=productionDebugCompileClasspath,productionDebugRuntimeClasspath
io.sentry:sentry-android:8.21.1=productionDebugCompileClasspath,productionDebugRuntimeClasspath
io.sentry:sentry-native-ndk:0.10.0=productionDebugRuntimeClasspath
io.sentry:sentry:8.21.1=productionDebugCompileClasspath,productionDebugRuntimeClasspath
javax.inject:javax.inject:1=productionDebugCompileClasspath,productionDebugRuntimeClasspath
jp.wasabeef:glide-transformations:4.3.0=productionDebugRuntimeClasspath
me.leolin:ShortcutBadger:1.1.22=productionDebugRuntimeClasspath
org.aomedia.avif.android:avif:1.1.1.14d8e3c4=productionDebugRuntimeClasspath
org.checkerframework:checker-compat-qual:2.5.5=productionDebugRuntimeClasspath
org.checkerframework:checker-qual:3.12.0=productionDebugRuntimeClasspath
org.jetbrains.androidx.lifecycle:lifecycle-common:2.8.4=productionDebugRuntimeClasspath
org.jetbrains.androidx.lifecycle:lifecycle-runtime-compose:2.8.4=productionDebugRuntimeClasspath
org.jetbrains.androidx.lifecycle:lifecycle-runtime:2.8.4=productionDebugRuntimeClasspath
org.jetbrains.androidx.lifecycle:lifecycle-viewmodel:2.8.4=productionDebugRuntimeClasspath
org.jetbrains.compose.animation:animation-core:1.8.1=productionDebugRuntimeClasspath
org.jetbrains.compose.animation:animation:1.8.1=productionDebugRuntimeClasspath
org.jetbrains.compose.annotation-internal:annotation:1.8.1=productionDebugRuntimeClasspath
org.jetbrains.compose.collection-internal:collection:1.8.1=productionDebugRuntimeClasspath
org.jetbrains.compose.foundation:foundation-layout:1.8.1=productionDebugRuntimeClasspath
org.jetbrains.compose.foundation:foundation:1.8.1=productionDebugRuntimeClasspath
org.jetbrains.compose.runtime:runtime-saveable:1.8.1=productionDebugRuntimeClasspath
org.jetbrains.compose.runtime:runtime:1.8.1=productionDebugRuntimeClasspath
org.jetbrains.compose.ui:ui-geometry:1.8.1=productionDebugRuntimeClasspath
org.jetbrains.compose.ui:ui-graphics:1.8.1=productionDebugRuntimeClasspath
org.jetbrains.compose.ui:ui-text:1.8.1=productionDebugRuntimeClasspath
org.jetbrains.compose.ui:ui-unit:1.8.1=productionDebugRuntimeClasspath
org.jetbrains.compose.ui:ui-util:1.8.1=productionDebugRuntimeClasspath
org.jetbrains.compose.ui:ui:1.8.1=productionDebugRuntimeClasspath
org.jetbrains.kotlin:kotlin-android-extensions-runtime:2.1.20=productionDebugRuntimeClasspath
org.jetbrains.kotlin:kotlin-annotations-jvm:1.3.72=productionDebugCompileClasspath,productionDebugRuntimeClasspath
org.jetbrains.kotlin:kotlin-bom:1.8.22=productionDebugRuntimeClasspath
org.jetbrains.kotlin:kotlin-parcelize-runtime:2.1.20=productionDebugRuntimeClasspath
org.jetbrains.kotlin:kotlin-reflect:2.1.20=productionDebugRuntimeClasspath
org.jetbrains.kotlin:kotlin-stdlib-common:2.1.21=productionDebugCompileClasspath,productionDebugRuntimeClasspath
org.jetbrains.kotlin:kotlin-stdlib-jdk7:2.1.20=productionDebugCompileClasspath,productionDebugRuntimeClasspath
org.jetbrains.kotlin:kotlin-stdlib-jdk8:1.9.24=productionDebugCompileClasspath,productionDebugRuntimeClasspath
org.jetbrains.kotlin:kotlin-stdlib:2.1.21=productionDebugCompileClasspath,productionDebugRuntimeClasspath
org.jetbrains.kotlinx:atomicfu-jvm:0.26.0=productionDebugRuntimeClasspath
org.jetbrains.kotlinx:atomicfu:0.26.0=productionDebugRuntimeClasspath
org.jetbrains.kotlinx:kotlinx-coroutines-android:1.9.0=productionDebugCompileClasspath,productionDebugRuntimeClasspath
org.jetbrains.kotlinx:kotlinx-coroutines-bom:1.9.0=productionDebugCompileClasspath,productionDebugRuntimeClasspath
org.jetbrains.kotlinx:kotlinx-coroutines-core-jvm:1.9.0=productionDebugCompileClasspath,productionDebugRuntimeClasspath
org.jetbrains.kotlinx:kotlinx-coroutines-core:1.9.0=productionDebugCompileClasspath,productionDebugRuntimeClasspath
org.jetbrains.kotlinx:kotlinx-coroutines-play-services:1.9.0=productionDebugCompileClasspath,productionDebugRuntimeClasspath
org.jetbrains.kotlinx:kotlinx-datetime-jvm:0.7.1=productionDebugRuntimeClasspath
org.jetbrains.kotlinx:kotlinx-datetime:0.7.1=productionDebugRuntimeClasspath
org.jetbrains.kotlinx:kotlinx-serialization-bom:1.7.3=productionDebugCompileClasspath,productionDebugRuntimeClasspath
org.jetbrains.kotlinx:kotlinx-serialization-core-jvm:1.7.3=productionDebugCompileClasspath,productionDebugRuntimeClasspath
org.jetbrains.kotlinx:kotlinx-serialization-core:1.7.3=productionDebugCompileClasspath,productionDebugRuntimeClasspath
org.jetbrains:annotations:23.0.0=productionDebugCompileClasspath,productionDebugRuntimeClasspath
org.jspecify:jspecify:1.0.0=productionDebugCompileClasspath,productionDebugRuntimeClasspath
empty=
