appId: ${MAESTRO_APP_ID}
name: Unblock a user from native settings
env:
  JOURNEY: dm-unblock
---
- runScript: ../reliability/data.js
- runFlow: begin.yaml
- runFlow: ../reliability/subflows/contacts-tab.yaml
- tapOn: '^Settings$'
- tapOn: '^Blocked users$'
- assertVisible: '^Blocked users$'
- assertVisible: '^(~ten|ten)$'
- assertVisible: '^Unblock$'
- tapOn: '^(~ten|ten)$'
- assertVisible: '^Are you sure you want to unblock this user\?$'
- tapOn:
    text: '^Unblock$'
    below: '^Are you sure you want to unblock this user\?$'
- assertVisible: '^No blocked users$'
- tapOn: '^Back$'
- tapOn: '^Back$'
- runFlow: ../reliability/subflows/home-tab.yaml
