{
  "name": "homestead",
  "lockfileVersion": 2,
  "requires": true,
  "packages": {
    "": {
      "dependencies": {
        "@urbit/aura": "^0.1.0"
      }
    },
    "node_modules/@urbit/aura": {
      "version": "0.1.0",
      "resolved": "https://registry.npmjs.org/@urbit/aura/-/aura-0.1.0.tgz",
      "integrity": "sha512-OWERSCGtX44CSkU+Zjbru7ePv+ibHWjTMDV7n/G+coMMF96albSF6d6V2O9ZkKMeGWZos8nj6FtjAi5NK85vZQ==",
      "dependencies": {
        "big-integer": "^1.6.51"
      },
      "engines": {
        "node": ">=10"
      }
    },
    "node_modules/big-integer": {
      "version": "1.6.51",
      "resolved": "https://registry.npmjs.org/big-integer/-/big-integer-1.6.51.tgz",
      "integrity": "sha512-GPEid2Y9QU1Exl1rpO9B2IPJGHPSupF5GnVIP0blYvNOMer2bTvSWs1jGOUg04hTmu67nmLsQ9TBo1puaotBHg==",
      "engines": {
        "node": ">=0.6"
      }
    }
  },
  "dependencies": {
    "@urbit/aura": {
      "version": "0.1.0",
      "resolved": "https://registry.npmjs.org/@urbit/aura/-/aura-0.1.0.tgz",
      "integrity": "sha512-OWERSCGtX44CSkU+Zjbru7ePv+ibHWjTMDV7n/G+coMMF96albSF6d6V2O9ZkKMeGWZos8nj6FtjAi5NK85vZQ==",
      "requires": {
        "big-integer": "^1.6.51"
      }
    },
    "big-integer": {
      "version": "1.6.51",
      "resolved": "https://registry.npmjs.org/big-integer/-/big-integer-1.6.51.tgz",
      "integrity": "sha512-GPEid2Y9QU1Exl1rpO9B2IPJGHPSupF5GnVIP0blYvNOMer2bTvSWs1jGOUg04hTmu67nmLsQ9TBo1puaotBHg=="
    }
  }
}
